
Microsoft Visual Studio Solution File, Format Version 12.00
# Visual Studio Version 18
VisualStudioVersion = 18.2.11430.68 d18.0
MinimumVisualStudioVersion = 10.0.40219.1
Project("{2150E333-8FDC-42A3-9474-1A3956D46DE8}") = "src", "src", "{827E0CD3-B72D-47B6-A68D-7590B98EB39B}"
EndProject
Project("{FAE04EC0-301F-11D3-BF4B-00C04F79EFBC}") = "TodoList.Manager", "src\TodoList.Manager\TodoList.Manager.csproj", "{DF984D7A-EAFE-4CFA-9B1C-29D99052EE2E}"
EndProject
Project("{FAE04EC0-301F-11D3-BF4B-00C04F79EFBC}") = "TodoList.Access", "src\TodoList.Access\TodoList.Access.csproj", "{7955D4EC-1476-4F08-B2C7-40F8E4BB507D}"
EndProject
Project("{FAE04EC0-301F-11D3-BF4B-00C04F79EFBC}") = "TodoList.Host", "src\TodoList.Host\TodoList.Host.csproj", "{2BC65027-F234-4B73-BAF3-8D572EEB161C}"
EndProject
Project("{FAE04EC0-301F-11D3-BF4B-00C04F79EFBC}") = "TodoList.ServiceDefaults", "src\TodoList.ServiceDefaults\TodoList.ServiceDefaults.csproj", "{FFD411CE-F1B6-40E7-912C-DA729B7289BF}"
EndProject
Project("{FAE04EC0-301F-11D3-BF4B-00C04F79EFBC}") = "TodoList.Proxy", "src\TodoList.Proxy\TodoList.Proxy.csproj", "{8C3EA05D-6985-47E4-AE9D-8A874CBDF356}"
EndProject
Project("{FAE04EC0-301F-11D3-BF4B-00C04F79EFBC}") = "TodoList.AppHost", "src\TodoList.AppHost\TodoList.AppHost.csproj", "{A34AA745-0BC1-4A85-B50F-84685F418A6A}"
EndProject
Project("{2150E333-8FDC-42A3-9474-1A3956D46DE8}") = "tests", "tests", "{0AB3BF05-4346-4AA6-1389-037BE0695223}"
EndProject
Project("{FAE04EC0-301F-11D3-BF4B-00C04F79EFBC}") = "TodoList.Manager.Tests", "tests\TodoList.Manager.Tests\TodoList.Manager.Tests.csproj", "{53B02004-5725-4BEE-A33B-A31E8B9EEF27}"
EndProject
Project("{FAE04EC0-301F-11D3-BF4B-00C04F79EFBC}") = "TodoList.Host.IntegrationTests", "tests\TodoList.Host.IntegrationTests\TodoList.Host.IntegrationTests.csproj", "{F7DF7C86-FE50-4D6D-990E-3720ACE2D07D}"
EndProject
Global
	GlobalSection(SolutionConfigurationPlatforms) = preSolution
		Debug|Any CPU = Debug|Any CPU
		Debug|x64 = Debug|x64
		Debug|x86 = Debug|x86
		Release|Any CPU = Release|Any CPU
		Release|x64 = Release|x64
		Release|x86 = Release|x86
	EndGlobalSection
	GlobalSection(ProjectConfigurationPlatforms) = postSolution
		{DF984D7A-EAFE-4CFA-9B1C-29D99052EE2E}.Debug|Any CPU.ActiveCfg = Debug|Any CPU
		{DF984D7A-EAFE-4CFA-9B1C-29D99052EE2E}.Debug|Any CPU.Build.0 = Debug|Any CPU
		{DF984D7A-EAFE-4CFA-9B1C-29D99052EE2E}.Debug|x64.ActiveCfg = Debug|Any CPU
		{DF984D7A-EAFE-4CFA-9B1C-29D99052EE2E}.Debug|x64.Build.0 = Debug|Any CPU
		{DF984D7A-EAFE-4CFA-9B1C-29D99052EE2E}.Debug|x86.ActiveCfg = Debug|Any CPU
		{DF984D7A-EAFE-4CFA-9B1C-29D99052EE2E}.Debug|x86.Build.0 = Debug|Any CPU
		{DF984D7A-EAFE-4CFA-9B1C-29D99052EE2E}.Release|Any CPU.ActiveCfg = Release|Any CPU
		{DF984D7A-EAFE-4CFA-9B1C-29D99052EE2E}.Release|Any CPU.Build.0 = Release|Any CPU
		{DF984D7A-EAFE-4CFA-9B1C-29D99052EE2E}.Release|x64.ActiveCfg = Release|Any CPU
		{DF984D7A-EAFE-4CFA-9B1C-29D99052EE2E}.Release|x64.Build.0 = Release|Any CPU
		{DF984D7A-EAFE-4CFA-9B1C-29D99052EE2E}.Release|x86.ActiveCfg = Release|Any CPU
		{DF984D7A-EAFE-4CFA-9B1C-29D99052EE2E}.Release|x86.Build.0 = Release|Any CPU
		{7955D4EC-1476-4F08-B2C7-40F8E4BB507D}.Debug|Any CPU.ActiveCfg = Debug|Any CPU
		{7955D4EC-1476-4F08-B2C7-40F8E4BB507D}.Debug|Any CPU.Build.0 = Debug|Any CPU
		{7955D4EC-1476-4F08-B2C7-40F8E4BB507D}.Debug|x64.ActiveCfg = Debug|Any CPU
		{7955D4EC-1476-4F08-B2C7-40F8E4BB507D}.Debug|x64.Build.0 = Debug|Any CPU
		{7955D4EC-1476-4F08-B2C7-40F8E4BB507D}.Debug|x86.ActiveCfg = Debug|Any CPU
		{7955D4EC-1476-4F08-B2C7-40F8E4BB507D}.Debug|x86.Build.0 = Debug|Any CPU
		{7955D4EC-1476-4F08-B2C7-40F8E4BB507D}.Release|Any CPU.ActiveCfg = Release|Any CPU
		{7955D4EC-1476-4F08-B2C7-40F8E4BB507D}.Release|Any CPU.Build.0 = Release|Any CPU
		{7955D4EC-1476-4F08-B2C7-40F8E4BB507D}.Release|x64.ActiveCfg = Release|Any CPU
		{7955D4EC-1476-4F08-B2C7-40F8E4BB507D}.Release|x64.Build.0 = Release|Any CPU
		{7955D4EC-1476-4F08-B2C7-40F8E4BB507D}.Release|x86.ActiveCfg = Release|Any CPU
		{7955D4EC-1476-4F08-B2C7-40F8E4BB507D}.Release|x86.Build.0 = Release|Any CPU
		{2BC65027-F234-4B73-BAF3-8D572EEB161C}.Debug|Any CPU.ActiveCfg = Debug|Any CPU
		{2BC65027-F234-4B73-BAF3-8D572EEB161C}.Debug|Any CPU.Build.0 = Debug|Any CPU
		{2BC65027-F234-4B73-BAF3-8D572EEB161C}.Debug|x64.ActiveCfg = Debug|Any CPU
		{2BC65027-F234-4B73-BAF3-8D572EEB161C}.Debug|x64.Build.0 = Debug|Any CPU
		{2BC65027-F234-4B73-BAF3-8D572EEB161C}.Debug|x86.ActiveCfg = Debug|Any CPU
		{2BC65027-F234-4B73-BAF3-8D572EEB161C}.Debug|x86.Build.0 = Debug|Any CPU
		{2BC65027-F234-4B73-BAF3-8D572EEB161C}.Release|Any CPU.ActiveCfg = Release|Any CPU
		{2BC65027-F234-4B73-BAF3-8D572EEB161C}.Release|Any CPU.Build.0 = Release|Any CPU
		{2BC65027-F234-4B73-BAF3-8D572EEB161C}.Release|x64.ActiveCfg = Release|Any CPU
		{2BC65027-F234-4B73-BAF3-8D572EEB161C}.Release|x64.Build.0 = Release|Any CPU
		{2BC65027-F234-4B73-BAF3-8D572EEB161C}.Release|x86.ActiveCfg = Release|Any CPU
		{2BC65027-F234-4B73-BAF3-8D572EEB161C}.Release|x86.Build.0 = Release|Any CPU
		{FFD411CE-F1B6-40E7-912C-DA729B7289BF}.Debug|Any CPU.ActiveCfg = Debug|Any CPU
		{FFD411CE-F1B6-40E7-912C-DA729B7289BF}.Debug|Any CPU.Build.0 = Debug|Any CPU
		{FFD411CE-F1B6-40E7-912C-DA729B7289BF}.Debug|x64.ActiveCfg = Debug|Any CPU
		{FFD411CE-F1B6-40E7-912C-DA729B7289BF}.Debug|x64.Build.0 = Debug|Any CPU
		{FFD411CE-F1B6-40E7-912C-DA729B7289BF}.Debug|x86.ActiveCfg = Debug|Any CPU
		{FFD411CE-F1B6-40E7-912C-DA729B7289BF}.Debug|x86.Build.0 = Debug|Any CPU
		{FFD411CE-F1B6-40E7-912C-DA729B7289BF}.Release|Any CPU.ActiveCfg = Release|Any CPU
		{FFD411CE-F1B6-40E7-912C-DA729B7289BF}.Release|Any CPU.Build.0 = Release|Any CPU
		{FFD411CE-F1B6-40E7-912C-DA729B7289BF}.Release|x64.ActiveCfg = Release|Any CPU
		{FFD411CE-F1B6-40E7-912C-DA729B7289BF}.Release|x64.Build.0 = Release|Any CPU
		{FFD411CE-F1B6-40E7-912C-DA729B7289BF}.Release|x86.ActiveCfg = Release|Any CPU
		{FFD411CE-F1B6-40E7-912C-DA729B7289BF}.Release|x86.Build.0 = Release|Any CPU
		{8C3EA05D-6985-47E4-AE9D-8A874CBDF356}.Debug|Any CPU.ActiveCfg = Debug|Any CPU
		{8C3EA05D-6985-47E4-AE9D-8A874CBDF356}.Debug|Any CPU.Build.0 = Debug|Any CPU
		{8C3EA05D-6985-47E4-AE9D-8A874CBDF356}.Debug|x64.ActiveCfg = Debug|Any CPU
		{8C3EA05D-6985-47E4-AE9D-8A874CBDF356}.Debug|x64.Build.0 = Debug|Any CPU
		{8C3EA05D-6985-47E4-AE9D-8A874CBDF356}.Debug|x86.ActiveCfg = Debug|Any CPU
		{8C3EA05D-6985-47E4-AE9D-8A874CBDF356}.Debug|x86.Build.0 = Debug|Any CPU
		{8C3EA05D-6985-47E4-AE9D-8A874CBDF356}.Release|Any CPU.ActiveCfg = Release|Any CPU
		{8C3EA05D-6985-47E4-AE9D-8A874CBDF356}.Release|Any CPU.Build.0 = Release|Any CPU
		{8C3EA05D-6985-47E4-AE9D-8A874CBDF356}.Release|x64.ActiveCfg = Release|Any CPU
		{8C3EA05D-6985-47E4-AE9D-8A874CBDF356}.Release|x64.Build.0 = Release|Any CPU
		{8C3EA05D-6985-47E4-AE9D-8A874CBDF356}.Release|x86.ActiveCfg = Release|Any CPU
		{8C3EA05D-6985-47E4-AE9D-8A874CBDF356}.Release|x86.Build.0 = Release|Any CPU
		{A34AA745-0BC1-4A85-B50F-84685F418A6A}.Debug|Any CPU.ActiveCfg = Debug|Any CPU
		{A34AA745-0BC1-4A85-B50F-84685F418A6A}.Debug|Any CPU.Build.0 = Debug|Any CPU
		{A34AA745-0BC1-4A85-B50F-84685F418A6A}.Debug|x64.ActiveCfg = Debug|Any CPU
		{A34AA745-0BC1-4A85-B50F-84685F418A6A}.Debug|x64.Build.0 = Debug|Any CPU
		{A34AA745-0BC1-4A85-B50F-84685F418A6A}.Debug|x86.ActiveCfg = Debug|Any CPU
		{A34AA745-0BC1-4A85-B50F-84685F418A6A}.Debug|x86.Build.0 = Debug|Any CPU
		{A34AA745-0BC1-4A85-B50F-84685F418A6A}.Release|Any CPU.ActiveCfg = Release|Any CPU
		{A34AA745-0BC1-4A85-B50F-84685F418A6A}.Release|Any CPU.Build.0 = Release|Any CPU
		{A34AA745-0BC1-4A85-B50F-84685F418A6A}.Release|x64.ActiveCfg = Release|Any CPU
		{A34AA745-0BC1-4A85-B50F-84685F418A6A}.Release|x64.Build.0 = Release|Any CPU
		{A34AA745-0BC1-4A85-B50F-84685F418A6A}.Release|x86.ActiveCfg = Release|Any CPU
		{A34AA745-0BC1-4A85-B50F-84685F418A6A}.Release|x86.Build.0 = Release|Any CPU
		{53B02004-5725-4BEE-A33B-A31E8B9EEF27}.Debug|Any CPU.ActiveCfg = Debug|Any CPU
		{53B02004-5725-4BEE-A33B-A31E8B9EEF27}.Debug|Any CPU.Build.0 = Debug|Any CPU
		{53B02004-5725-4BEE-A33B-A31E8B9EEF27}.Debug|x64.ActiveCfg = Debug|Any CPU
		{53B02004-5725-4BEE-A33B-A31E8B9EEF27}.Debug|x64.Build.0 = Debug|Any CPU
		{53B02004-5725-4BEE-A33B-A31E8B9EEF27}.Debug|x86.ActiveCfg = Debug|Any CPU
		{53B02004-5725-4BEE-A33B-A31E8B9EEF27}.Debug|x86.Build.0 = Debug|Any CPU
		{53B02004-5725-4BEE-A33B-A31E8B9EEF27}.Release|Any CPU.ActiveCfg = Release|Any CPU
		{53B02004-5725-4BEE-A33B-A31E8B9EEF27}.Release|Any CPU.Build.0 = Release|Any CPU
		{53B02004-5725-4BEE-A33B-A31E8B9EEF27}.Release|x64.ActiveCfg = Release|Any CPU
		{53B02004-5725-4BEE-A33B-A31E8B9EEF27}.Release|x64.Build.0 = Release|Any CPU
		{53B02004-5725-4BEE-A33B-A31E8B9EEF27}.Release|x86.ActiveCfg = Release|Any CPU
		{53B02004-5725-4BEE-A33B-A31E8B9EEF27}.Release|x86.Build.0 = Release|Any CPU
		{F7DF7C86-FE50-4D6D-990E-3720ACE2D07D}.Debug|Any CPU.ActiveCfg = Debug|Any CPU
		{F7DF7C86-FE50-4D6D-990E-3720ACE2D07D}.Debug|Any CPU.Build.0 = Debug|Any CPU
		{F7DF7C86-FE50-4D6D-990E-3720ACE2D07D}.Debug|x64.ActiveCfg = Debug|Any CPU
		{F7DF7C86-FE50-4D6D-990E-3720ACE2D07D}.Debug|x64.Build.0 = Debug|Any CPU
		{F7DF7C86-FE50-4D6D-990E-3720ACE2D07D}.Debug|x86.ActiveCfg = Debug|Any CPU
		{F7DF7C86-FE50-4D6D-990E-3720ACE2D07D}.Debug|x86.Build.0 = Debug|Any CPU
		{F7DF7C86-FE50-4D6D-990E-3720ACE2D07D}.Release|Any CPU.ActiveCfg = Release|Any CPU
		{F7DF7C86-FE50-4D6D-990E-3720ACE2D07D}.Release|Any CPU.Build.0 = Release|Any CPU
		{F7DF7C86-FE50-4D6D-990E-3720ACE2D07D}.Release|x64.ActiveCfg = Release|Any CPU
		{F7DF7C86-FE50-4D6D-990E-3720ACE2D07D}.Release|x64.Build.0 = Release|Any CPU
		{F7DF7C86-FE50-4D6D-990E-3720ACE2D07D}.Release|x86.ActiveCfg = Release|Any CPU
		{F7DF7C86-FE50-4D6D-990E-3720ACE2D07D}.Release|x86.Build.0 = Release|Any CPU
	EndGlobalSection
	GlobalSection(SolutionProperties) = preSolution
		HideSolutionNode = FALSE
	EndGlobalSection
	GlobalSection(NestedProjects) = preSolution
		{DF984D7A-EAFE-4CFA-9B1C-29D99052EE2E} = {827E0CD3-B72D-47B6-A68D-7590B98EB39B}
		{7955D4EC-1476-4F08-B2C7-40F8E4BB507D} = {827E0CD3-B72D-47B6-A68D-7590B98EB39B}
		{2BC65027-F234-4B73-BAF3-8D572EEB161C} = {827E0CD3-B72D-47B6-A68D-7590B98EB39B}
		{FFD411CE-F1B6-40E7-912C-DA729B7289BF} = {827E0CD3-B72D-47B6-A68D-7590B98EB39B}
		{8C3EA05D-6985-47E4-AE9D-8A874CBDF356} = {827E0CD3-B72D-47B6-A68D-7590B98EB39B}
		{A34AA745-0BC1-4A85-B50F-84685F418A6A} = {827E0CD3-B72D-47B6-A68D-7590B98EB39B}
		{53B02004-5725-4BEE-A33B-A31E8B9EEF27} = {0AB3BF05-4346-4AA6-1389-037BE0695223}
		{F7DF7C86-FE50-4D6D-990E-3720ACE2D07D} = {0AB3BF05-4346-4AA6-1389-037BE0695223}
	EndGlobalSection
	GlobalSection(ExtensibilityGlobals) = postSolution
		SolutionGuid = {95BDDAF9-5942-427F-A637-2AC5F151B034}
	EndGlobalSection
EndGlobal
